
Microsoft Visual Studio Solution File, Format Version 12.00
# Visual Studio 15
VisualStudioVersion = 15.0.28010.2026
MinimumVisualStudioVersion = 10.0.40219.1
Project("{8BC9CEB8-8B4A-11D0-8D11-00A0C91BC942}") = "Experiment", "Experiment\Experiment.vcxproj", "{79BE247E-7C08-47FF-BDA4-AA390104E20B}"
EndProject
Global
	GlobalSection(SolutionConfigurationPlatforms) = preSolution
		Debug|x64 = Debug|x64
		Debug|x86 = Debug|x86
		Release|x64 = Release|x64
		Release|x86 = Release|x86
	EndGlobalSection
	GlobalSection(ProjectConfigurationPlatforms) = postSolution
		{79BE247E-7C08-47FF-BDA4-AA390104E20B}.Debug|x64.ActiveCfg = Debug|x64
		{79BE247E-7C08-47FF-BDA4-AA390104E20B}.Debug|x64.Build.0 = Debug|x64
		{79BE247E-7C08-47FF-BDA4-AA390104E20B}.Debug|x86.ActiveCfg = Debug|Win32
		{79BE247E-7C08-47FF-BDA4-AA390104E20B}.Debug|x86.Build.0 = Debug|Win32
		{79BE247E-7C08-47FF-BDA4-AA390104E20B}.Release|x64.ActiveCfg = Release|x64
		{79BE247E-7C08-47FF-BDA4-AA390104E20B}.Release|x64.Build.0 = Release|x64
		{79BE247E-7C08-47FF-BDA4-AA390104E20B}.Release|x86.ActiveCfg = Release|Win32
		{79BE247E-7C08-47FF-BDA4-AA390104E20B}.Release|x86.Build.0 = Release|Win32
	EndGlobalSection
	GlobalSection(SolutionProperties) = preSolution
		HideSolutionNode = FALSE
	EndGlobalSection
	GlobalSection(ExtensibilityGlobals) = postSolution
		SolutionGuid = {9947C55B-5A48-47A5-B864-6E966FB95980}
	EndGlobalSection
EndGlobal
